
Microsoft Visual Studio Solution File, Format Version 12.00
# Visual Studio 15
VisualStudioVersion = 15.0.27004.2009
MinimumVisualStudioVersion = 10.0.40219.1
Project("{9A19103F-16F7-4668-BE54-9A1E7A4F7556}") = "CryptoGramBot", "CryptoGramBot\CryptoGramBot.csproj", "{2DC29AB7-C1F6-47E9-AAD3-5F7E76BB303A}"
EndProject
Project("{9A19103F-16F7-4668-BE54-9A1E7A4F7556}") = "CryptoGramBot.Tests", "CryptoGramBot.Tests\CryptoGramBot.Tests.csproj", "{5289CC2B-8A92-44EB-B3EF-65E85CA8021C}"
EndProject
Project("{9A19103F-16F7-4668-BE54-9A1E7A4F7556}") = "Poloniex", "Poloniex\Poloniex.csproj", "{1AE0BB62-ADC7-4216-9742-2083565EFF66}"
EndProject
Global
	GlobalSection(SolutionConfigurationPlatforms) = preSolution
		Debug|Any CPU = Debug|Any CPU
		Release|Any CPU = Release|Any CPU
	EndGlobalSection
	GlobalSection(ProjectConfigurationPlatforms) = postSolution
		{2DC29AB7-C1F6-47E9-AAD3-5F7E76BB303A}.Debug|Any CPU.ActiveCfg = Debug|Any CPU
		{2DC29AB7-C1F6-47E9-AAD3-5F7E76BB303A}.Debug|Any CPU.Build.0 = Debug|Any CPU
		{2DC29AB7-C1F6-47E9-AAD3-5F7E76BB303A}.Release|Any CPU.ActiveCfg = Release|Any CPU
		{2DC29AB7-C1F6-47E9-AAD3-5F7E76BB303A}.Release|Any CPU.Build.0 = Release|Any CPU
		{5289CC2B-8A92-44EB-B3EF-65E85CA8021C}.Debug|Any CPU.ActiveCfg = Debug|Any CPU
		{5289CC2B-8A92-44EB-B3EF-65E85CA8021C}.Debug|Any CPU.Build.0 = Debug|Any CPU
		{5289CC2B-8A92-44EB-B3EF-65E85CA8021C}.Release|Any CPU.ActiveCfg = Release|Any CPU
		{5289CC2B-8A92-44EB-B3EF-65E85CA8021C}.Release|Any CPU.Build.0 = Release|Any CPU
		{1AE0BB62-ADC7-4216-9742-2083565EFF66}.Debug|Any CPU.ActiveCfg = Debug|Any CPU
		{1AE0BB62-ADC7-4216-9742-2083565EFF66}.Debug|Any CPU.Build.0 = Debug|Any CPU
		{1AE0BB62-ADC7-4216-9742-2083565EFF66}.Release|Any CPU.ActiveCfg = Release|Any CPU
		{1AE0BB62-ADC7-4216-9742-2083565EFF66}.Release|Any CPU.Build.0 = Release|Any CPU
	EndGlobalSection
	GlobalSection(SolutionProperties) = preSolution
		HideSolutionNode = FALSE
	EndGlobalSection
	GlobalSection(ExtensibilityGlobals) = postSolution
		SolutionGuid = {1CA2E4C0-8DE4-4178-825F-D3E51EE329B3}
	EndGlobalSection
EndGlobal
